
Microsoft Visual Studio Solution File, Format Version 12.00
# Visual Studio Version 17
VisualStudioVersion = 17.9.34728.123
MinimumVisualStudioVersion = 10.0.40219.1
Project("{F184B08F-C81C-45F6-A57F-5ABD9991F28F}") = "Visual_Basic_CRUD", "Visual_Basic_CRUD\Visual_Basic_CRUD.vbproj", "{97D105D3-E93D-47C2-A575-75697F355E55}"
EndProject
Global
	GlobalSection(SolutionConfigurationPlatforms) = preSolution
		Debug|Any CPU = Debug|Any CPU
		Release|Any CPU = Release|Any CPU
	EndGlobalSection
	GlobalSection(ProjectConfigurationPlatforms) = postSolution
		{97D105D3-E93D-47C2-A575-75697F355E55}.Debug|Any CPU.ActiveCfg = Debug|Any CPU
		{97D105D3-E93D-47C2-A575-75697F355E55}.Debug|Any CPU.Build.0 = Debug|Any CPU
		{97D105D3-E93D-47C2-A575-75697F355E55}.Release|Any CPU.ActiveCfg = Release|Any CPU
		{97D105D3-E93D-47C2-A575-75697F355E55}.Release|Any CPU.Build.0 = Release|Any CPU
	EndGlobalSection
	GlobalSection(SolutionProperties) = preSolution
		HideSolutionNode = FALSE
	EndGlobalSection
	GlobalSection(ExtensibilityGlobals) = postSolution
		SolutionGuid = {730E146A-477B-460D-AC11-90D2E3C84B62}
	EndGlobalSection
EndGlobal
